
Microsoft Visual Studio Solution File, Format Version 12.00
# Visual Studio Version 17
VisualStudioVersion = 17.11.35312.102
MinimumVisualStudioVersion = 10.0.40219.1
Project("{FAE04EC0-301F-11D3-BF4B-00C04F79EFBC}") = "app-inventario-andres-navarro", "app-inventario-andres-navarro\app-inventario-andres-navarro.csproj", "{B8742004-457D-4D17-8C27-1E170A69F1DA}"
EndProject
Global
	GlobalSection(SolutionConfigurationPlatforms) = preSolution
		Debug|Any CPU = Debug|Any CPU
		Release|Any CPU = Release|Any CPU
	EndGlobalSection
	GlobalSection(ProjectConfigurationPlatforms) = postSolution
		{B8742004-457D-4D17-8C27-1E170A69F1DA}.Debug|Any CPU.ActiveCfg = Debug|Any CPU
		{B8742004-457D-4D17-8C27-1E170A69F1DA}.Debug|Any CPU.Build.0 = Debug|Any CPU
		{B8742004-457D-4D17-8C27-1E170A69F1DA}.Release|Any CPU.ActiveCfg = Release|Any CPU
		{B8742004-457D-4D17-8C27-1E170A69F1DA}.Release|Any CPU.Build.0 = Release|Any CPU
	EndGlobalSection
	GlobalSection(SolutionProperties) = preSolution
		HideSolutionNode = FALSE
	EndGlobalSection
	GlobalSection(ExtensibilityGlobals) = postSolution
		SolutionGuid = {C4B9E21E-8E69-4815-B955-62429D6711C6}
	EndGlobalSection
EndGlobal
